
Microsoft Visual Studio Solution File, Format Version 12.00
# TcXaeShell Solution File, Format Version 11.00
VisualStudioVersion = 15.0.28010.2050
MinimumVisualStudioVersion = 10.0.40219.1
Project("{B1E792BE-AA5F-4E3C-8C82-674BF9C0715B}") = "plc-kfe-motion", "plc-kfe-motion\plc-kfe-motion.tsproj", "{63CBF008-0762-41FB-908E-CCE4E38CC038}"
EndProject
Project("{FD9F1D59-E000-42F3-8744-88DE1BE93C06}") = "TwinCAT Measurement Project1", "TwinCAT Measurement Project1\TwinCAT Measurement Project1.tcmproj", "{DE0851E4-58F6-4B2C-AFA1-03DC75B8EC7F}"
EndProject
Global
	GlobalSection(SolutionConfigurationPlatforms) = preSolution
		Debug|TwinCAT CE7 (ARMV7) = Debug|TwinCAT CE7 (ARMV7)
		Debug|TwinCAT OS (ARMT2) = Debug|TwinCAT OS (ARMT2)
		Debug|TwinCAT RT (x64) = Debug|TwinCAT RT (x64)
		Debug|TwinCAT RT (x86) = Debug|TwinCAT RT (x86)
		Release|TwinCAT CE7 (ARMV7) = Release|TwinCAT CE7 (ARMV7)
		Release|TwinCAT OS (ARMT2) = Release|TwinCAT OS (ARMT2)
		Release|TwinCAT RT (x64) = Release|TwinCAT RT (x64)
		Release|TwinCAT RT (x86) = Release|TwinCAT RT (x86)
	EndGlobalSection
	GlobalSection(ProjectConfigurationPlatforms) = postSolution
		{63CBF008-0762-41FB-908E-CCE4E38CC038}.Debug|TwinCAT CE7 (ARMV7).ActiveCfg = Debug|TwinCAT CE7 (ARMV7)
		{63CBF008-0762-41FB-908E-CCE4E38CC038}.Debug|TwinCAT CE7 (ARMV7).Build.0 = Debug|TwinCAT CE7 (ARMV7)
		{63CBF008-0762-41FB-908E-CCE4E38CC038}.Debug|TwinCAT OS (ARMT2).ActiveCfg = Debug|TwinCAT OS (ARMT2)
		{63CBF008-0762-41FB-908E-CCE4E38CC038}.Debug|TwinCAT OS (ARMT2).Build.0 = Debug|TwinCAT OS (ARMT2)
		{63CBF008-0762-41FB-908E-CCE4E38CC038}.Debug|TwinCAT RT (x64).ActiveCfg = Debug|TwinCAT RT (x64)
		{63CBF008-0762-41FB-908E-CCE4E38CC038}.Debug|TwinCAT RT (x64).Build.0 = Debug|TwinCAT RT (x64)
		{63CBF008-0762-41FB-908E-CCE4E38CC038}.Debug|TwinCAT RT (x86).ActiveCfg = Debug|TwinCAT RT (x86)
		{63CBF008-0762-41FB-908E-CCE4E38CC038}.Debug|TwinCAT RT (x86).Build.0 = Debug|TwinCAT RT (x86)
		{63CBF008-0762-41FB-908E-CCE4E38CC038}.Release|TwinCAT CE7 (ARMV7).ActiveCfg = Release|TwinCAT CE7 (ARMV7)
		{63CBF008-0762-41FB-908E-CCE4E38CC038}.Release|TwinCAT CE7 (ARMV7).Build.0 = Release|TwinCAT CE7 (ARMV7)
		{63CBF008-0762-41FB-908E-CCE4E38CC038}.Release|TwinCAT OS (ARMT2).ActiveCfg = Release|TwinCAT OS (ARMT2)
		{63CBF008-0762-41FB-908E-CCE4E38CC038}.Release|TwinCAT OS (ARMT2).Build.0 = Release|TwinCAT OS (ARMT2)
		{63CBF008-0762-41FB-908E-CCE4E38CC038}.Release|TwinCAT RT (x64).ActiveCfg = Release|TwinCAT RT (x64)
		{63CBF008-0762-41FB-908E-CCE4E38CC038}.Release|TwinCAT RT (x64).Build.0 = Release|TwinCAT RT (x64)
		{63CBF008-0762-41FB-908E-CCE4E38CC038}.Release|TwinCAT RT (x86).ActiveCfg = Release|TwinCAT RT (x86)
		{63CBF008-0762-41FB-908E-CCE4E38CC038}.Release|TwinCAT RT (x86).Build.0 = Release|TwinCAT RT (x86)
		{4B72BB13-08B4-4AB1-86B6-277D50D421AD}.Debug|TwinCAT CE7 (ARMV7).ActiveCfg = Debug|TwinCAT CE7 (ARMV7)
		{4B72BB13-08B4-4AB1-86B6-277D50D421AD}.Debug|TwinCAT CE7 (ARMV7).Build.0 = Debug|TwinCAT CE7 (ARMV7)
		{4B72BB13-08B4-4AB1-86B6-277D50D421AD}.Debug|TwinCAT OS (ARMT2).ActiveCfg = Debug|TwinCAT OS (ARMT2)
		{4B72BB13-08B4-4AB1-86B6-277D50D421AD}.Debug|TwinCAT OS (ARMT2).Build.0 = Debug|TwinCAT OS (ARMT2)
		{4B72BB13-08B4-4AB1-86B6-277D50D421AD}.Debug|TwinCAT RT (x64).ActiveCfg = Debug|TwinCAT RT (x64)
		{4B72BB13-08B4-4AB1-86B6-277D50D421AD}.Debug|TwinCAT RT (x64).Build.0 = Debug|TwinCAT RT (x64)
		{4B72BB13-08B4-4AB1-86B6-277D50D421AD}.Debug|TwinCAT RT (x86).ActiveCfg = Debug|TwinCAT RT (x86)
		{4B72BB13-08B4-4AB1-86B6-277D50D421AD}.Debug|TwinCAT RT (x86).Build.0 = Debug|TwinCAT RT (x86)
		{4B72BB13-08B4-4AB1-86B6-277D50D421AD}.Release|TwinCAT CE7 (ARMV7).ActiveCfg = Release|TwinCAT CE7 (ARMV7)
		{4B72BB13-08B4-4AB1-86B6-277D50D421AD}.Release|TwinCAT CE7 (ARMV7).Build.0 = Release|TwinCAT CE7 (ARMV7)
		{4B72BB13-08B4-4AB1-86B6-277D50D421AD}.Release|TwinCAT OS (ARMT2).ActiveCfg = Release|TwinCAT OS (ARMT2)
		{4B72BB13-08B4-4AB1-86B6-277D50D421AD}.Release|TwinCAT OS (ARMT2).Build.0 = Release|TwinCAT OS (ARMT2)
		{4B72BB13-08B4-4AB1-86B6-277D50D421AD}.Release|TwinCAT RT (x64).ActiveCfg = Release|TwinCAT RT (x64)
		{4B72BB13-08B4-4AB1-86B6-277D50D421AD}.Release|TwinCAT RT (x64).Build.0 = Release|TwinCAT RT (x64)
		{4B72BB13-08B4-4AB1-86B6-277D50D421AD}.Release|TwinCAT RT (x86).ActiveCfg = Release|TwinCAT RT (x86)
		{4B72BB13-08B4-4AB1-86B6-277D50D421AD}.Release|TwinCAT RT (x86).Build.0 = Release|TwinCAT RT (x86)
		{DE0851E4-58F6-4B2C-AFA1-03DC75B8EC7F}.Debug|TwinCAT CE7 (ARMV7).ActiveCfg = Debug|TwinCAT CE7 (ARMV7)
		{DE0851E4-58F6-4B2C-AFA1-03DC75B8EC7F}.Debug|TwinCAT OS (ARMT2).ActiveCfg = Debug|TwinCAT OS (ARMT2)
		{DE0851E4-58F6-4B2C-AFA1-03DC75B8EC7F}.Debug|TwinCAT RT (x64).ActiveCfg = Debug|TwinCAT RT (x64)
		{DE0851E4-58F6-4B2C-AFA1-03DC75B8EC7F}.Debug|TwinCAT RT (x86).ActiveCfg = Debug|TwinCAT RT (x86)
		{DE0851E4-58F6-4B2C-AFA1-03DC75B8EC7F}.Release|TwinCAT CE7 (ARMV7).ActiveCfg = Release|TwinCAT CE7 (ARMV7)
		{DE0851E4-58F6-4B2C-AFA1-03DC75B8EC7F}.Release|TwinCAT OS (ARMT2).ActiveCfg = Release|TwinCAT OS (ARMT2)
		{DE0851E4-58F6-4B2C-AFA1-03DC75B8EC7F}.Release|TwinCAT RT (x64).ActiveCfg = Release|TwinCAT RT (x64)
		{DE0851E4-58F6-4B2C-AFA1-03DC75B8EC7F}.Release|TwinCAT RT (x86).ActiveCfg = Release|TwinCAT RT (x86)
	EndGlobalSection
	GlobalSection(SolutionProperties) = preSolution
		HideSolutionNode = FALSE
	EndGlobalSection
	GlobalSection(ExtensibilityGlobals) = postSolution
		SolutionGuid = {0D25F4B0-00AA-46D1-8BA9-B8762F10E519}
	EndGlobalSection
EndGlobal
